
Microsoft Visual Studio Solution File, Format Version 12.00
# Visual Studio 14
VisualStudioVersion = 14.0.25420.1
MinimumVisualStudioVersion = 10.0.40219.1
Project("{FAE04EC0-301F-11D3-BF4B-00C04F79EFBC}") = "LinkShort", "LinkShort\LinkShort.csproj", "{D5B1E9D1-B64F-461C-9223-07F21A8D23C8}"
EndProject
Project("{FAE04EC0-301F-11D3-BF4B-00C04F79EFBC}") = "LinkShort.Tests", "LinkShort.Tests\LinkShort.Tests.csproj", "{030048C1-4C7B-4152-88E6-A797B3E31883}"
EndProject
Global
	GlobalSection(SolutionConfigurationPlatforms) = preSolution
		Debug|Any CPU = Debug|Any CPU
		Release|Any CPU = Release|Any CPU
	EndGlobalSection
	GlobalSection(ProjectConfigurationPlatforms) = postSolution
		{D5B1E9D1-B64F-461C-9223-07F21A8D23C8}.Debug|Any CPU.ActiveCfg = Debug|Any CPU
		{D5B1E9D1-B64F-461C-9223-07F21A8D23C8}.Debug|Any CPU.Build.0 = Debug|Any CPU
		{D5B1E9D1-B64F-461C-9223-07F21A8D23C8}.Release|Any CPU.ActiveCfg = Release|Any CPU
		{D5B1E9D1-B64F-461C-9223-07F21A8D23C8}.Release|Any CPU.Build.0 = Release|Any CPU
		{030048C1-4C7B-4152-88E6-A797B3E31883}.Debug|Any CPU.ActiveCfg = Debug|Any CPU
		{030048C1-4C7B-4152-88E6-A797B3E31883}.Debug|Any CPU.Build.0 = Debug|Any CPU
		{030048C1-4C7B-4152-88E6-A797B3E31883}.Release|Any CPU.ActiveCfg = Release|Any CPU
		{030048C1-4C7B-4152-88E6-A797B3E31883}.Release|Any CPU.Build.0 = Release|Any CPU
	EndGlobalSection
	GlobalSection(SolutionProperties) = preSolution
		HideSolutionNode = FALSE
	EndGlobalSection
EndGlobal
